// !$*UTF8*$!
{
	archiveVersion = 1;
	classes = {
	};
	objectVersion = 50;
	objects = {

/* Begin PBXBuildFile section */
		66275374E0BBD6D9BAD34401 /* Pods_CheckersOnlineSwiftV2_1.framework in Frameworks */ = {isa = PBXBuildFile; fileRef = 396C571AF5944C27CBA6D660 /* Pods_CheckersOnlineSwiftV2_1.framework */; };
		E133BF4C247B0E270048EE61 /* PlayersViewController.swift in Sources */ = {isa = PBXBuildFile; fileRef = E133BF4B247B0E270048EE61 /* PlayersViewController.swift */; };
		E14F9BFF245DA9D000684F9A /* FooterView.swift in Sources */ = {isa = PBXBuildFile; fileRef = E14F9BFD245DA9D000684F9A /* FooterView.swift */; };
		E14F9C00245DA9D000684F9A /* FooterView.xib in Resources */ = {isa = PBXBuildFile; fileRef = E14F9BFE245DA9D000684F9A /* FooterView.xib */; };
		E1884CAA245439C700D08EA6 /* SceneDelegate.swift in Sources */ = {isa = PBXBuildFile; fileRef = E1884CA9245439C700D08EA6 /* SceneDelegate.swift */; };
		E1884CAC245439C700D08EA6 /* GameViewController.swift in Sources */ = {isa = PBXBuildFile; fileRef = E1884CAB245439C700D08EA6 /* GameViewController.swift */; };
		E1884CAF245439C700D08EA6 /* Main.storyboard in Resources */ = {isa = PBXBuildFile; fileRef = E1884CAD245439C700D08EA6 /* Main.storyboard */; };
		E1884CB1245439E400D08EA6 /* Assets.xcassets in Resources */ = {isa = PBXBuildFile; fileRef = E1884CB0245439E400D08EA6 /* Assets.xcassets */; };
		E1884CB4245439E400D08EA6 /* LaunchScreen.storyboard in Resources */ = {isa = PBXBuildFile; fileRef = E1884CB2245439E400D08EA6 /* LaunchScreen.storyboard */; };
		E1884CBD2454C0B600D08EA6 /* AppDelegate.swift in Sources */ = {isa = PBXBuildFile; fileRef = E1884CA7245439C700D08EA6 /* AppDelegate.swift */; };
		E1884CBF2454C12800D08EA6 /* Cell.swift in Sources */ = {isa = PBXBuildFile; fileRef = E1884CBE2454C12800D08EA6 /* Cell.swift */; };
		E1884CC12454DA5B00D08EA6 /* GUISettingsViewController.swift in Sources */ = {isa = PBXBuildFile; fileRef = E1884CC02454DA5B00D08EA6 /* GUISettingsViewController.swift */; };
		E1884CC32454DB2400D08EA6 /* GameSettings.swift in Sources */ = {isa = PBXBuildFile; fileRef = E1884CC22454DB2400D08EA6 /* GameSettings.swift */; };
		E1884CC52456114600D08EA6 /* Piece.swift in Sources */ = {isa = PBXBuildFile; fileRef = E1884CC42456114600D08EA6 /* Piece.swift */; };
		E1884CC72456190900D08EA6 /* GameModel.swift in Sources */ = {isa = PBXBuildFile; fileRef = E1884CC62456190900D08EA6 /* GameModel.swift */; };
		E1DC2143245AE4C20099F382 /* BoardSquare.swift in Sources */ = {isa = PBXBuildFile; fileRef = E1DC2142245AE4C20099F382 /* BoardSquare.swift */; };
		E1DC214A245CDA570099F382 /* HeaderView.swift in Sources */ = {isa = PBXBuildFile; fileRef = E1DC2148245CDA570099F382 /* HeaderView.swift */; };
		E1DC214B245CDA570099F382 /* HeaderView.xib in Resources */ = {isa = PBXBuildFile; fileRef = E1DC2149245CDA570099F382 /* HeaderView.xib */; };
/* End PBXBuildFile section */

/* Begin PBXFileReference section */
		10F94FB8AEB00BAFBD35B179 /* Pods-CheckersOnlineSwiftV2.1.release.xcconfig */ = {isa = PBXFileReference; includeInIndex = 1; lastKnownFileType = text.xcconfig; name = "Pods-CheckersOnlineSwiftV2.1.release.xcconfig"; path = "Target Support Files/Pods-CheckersOnlineSwiftV2.1/Pods-CheckersOnlineSwiftV2.1.release.xcconfig"; sourceTree = "<group>"; };
		396C571AF5944C27CBA6D660 /* Pods_CheckersOnlineSwiftV2_1.framework */ = {isa = PBXFileReference; explicitFileType = wrapper.framework; includeInIndex = 0; path = Pods_CheckersOnlineSwiftV2_1.framework; sourceTree = BUILT_PRODUCTS_DIR; };
		766A72A1C35CADEB5D13B6A8 /* Pods-CheckersOnlineSwiftV2.1.debug.xcconfig */ = {isa = PBXFileReference; includeInIndex = 1; lastKnownFileType = text.xcconfig; name = "Pods-CheckersOnlineSwiftV2.1.debug.xcconfig"; path = "Target Support Files/Pods-CheckersOnlineSwiftV2.1/Pods-CheckersOnlineSwiftV2.1.debug.xcconfig"; sourceTree = "<group>"; };
		E133BF4B247B0E270048EE61 /* PlayersViewController.swift */ = {isa = PBXFileReference; lastKnownFileType = sourcecode.swift; name = PlayersViewController.swift; path = /Users/natali/Documents/programs/CheckersOnlineSwiftV2.1/CheckersOnlineSwiftV2.1/PlayersViewController.swift; sourceTree = "<absolute>"; };
		E14F9BFD245DA9D000684F9A /* FooterView.swift */ = {isa = PBXFileReference; lastKnownFileType = sourcecode.swift; path = FooterView.swift; sourceTree = "<group>"; };
		E14F9BFE245DA9D000684F9A /* FooterView.xib */ = {isa = PBXFileReference; lastKnownFileType = file.xib; path = FooterView.xib; sourceTree = "<group>"; };
		E1884CA4245439C700D08EA6 /* CheckersOnlineSwiftV2.1.app */ = {isa = PBXFileReference; explicitFileType = wrapper.application; includeInIndex = 0; path = CheckersOnlineSwiftV2.1.app; sourceTree = BUILT_PRODUCTS_DIR; };
		E1884CA7245439C700D08EA6 /* AppDelegate.swift */ = {isa = PBXFileReference; lastKnownFileType = sourcecode.swift; path = AppDelegate.swift; sourceTree = "<group>"; };
		E1884CA9245439C700D08EA6 /* SceneDelegate.swift */ = {isa = PBXFileReference; lastKnownFileType = sourcecode.swift; path = SceneDelegate.swift; sourceTree = "<group>"; };
		E1884CAB245439C700D08EA6 /* GameViewController.swift */ = {isa = PBXFileReference; lastKnownFileType = sourcecode.swift; path = GameViewController.swift; sourceTree = "<group>"; };
		E1884CAE245439C700D08EA6 /* Base */ = {isa = PBXFileReference; lastKnownFileType = file.storyboard; name = Base; path = Base.lproj/Main.storyboard; sourceTree = "<group>"; };
		E1884CB0245439E400D08EA6 /* Assets.xcassets */ = {isa = PBXFileReference; lastKnownFileType = folder.assetcatalog; path = Assets.xcassets; sourceTree = "<group>"; };
		E1884CB3245439E400D08EA6 /* Base */ = {isa = PBXFileReference; lastKnownFileType = file.storyboard; name = Base; path = Base.lproj/LaunchScreen.storyboard; sourceTree = "<group>"; };
		E1884CB5245439E400D08EA6 /* Info.plist */ = {isa = PBXFileReference; lastKnownFileType = text.plist.xml; path = Info.plist; sourceTree = "<group>"; };
		E1884CBE2454C12800D08EA6 /* Cell.swift */ = {isa = PBXFileReference; lastKnownFileType = sourcecode.swift; path = Cell.swift; sourceTree = "<group>"; };
		E1884CC02454DA5B00D08EA6 /* GUISettingsViewController.swift */ = {isa = PBXFileReference; lastKnownFileType = sourcecode.swift; path = GUISettingsViewController.swift; sourceTree = "<group>"; };
		E1884CC22454DB2400D08EA6 /* GameSettings.swift */ = {isa = PBXFileReference; lastKnownFileType = sourcecode.swift; path = GameSettings.swift; sourceTree = "<group>"; };
		E1884CC42456114600D08EA6 /* Piece.swift */ = {isa = PBXFileReference; lastKnownFileType = sourcecode.swift; path = Piece.swift; sourceTree = "<group>"; };
		E1884CC62456190900D08EA6 /* GameModel.swift */ = {isa = PBXFileReference; lastKnownFileType = sourcecode.swift; path = GameModel.swift; sourceTree = "<group>"; };
		E1DC2142245AE4C20099F382 /* BoardSquare.swift */ = {isa = PBXFileReference; lastKnownFileType = sourcecode.swift; path = BoardSquare.swift; sourceTree = "<group>"; };
		E1DC2148245CDA570099F382 /* HeaderView.swift */ = {isa = PBXFileReference; lastKnownFileType = sourcecode.swift; path = HeaderView.swift; sourceTree = "<group>"; };
		E1DC2149245CDA570099F382 /* HeaderView.xib */ = {isa = PBXFileReference; lastKnownFileType = file.xib; path = HeaderView.xib; sourceTree = "<group>"; };
/* End PBXFileReference section */

/* Begin PBXFrameworksBuildPhase section */
		E1884CA1245439C700D08EA6 /* Frameworks */ = {
			isa = PBXFrameworksBuildPhase;
			buildActionMask = 2147483647;
			files = (
				66275374E0BBD6D9BAD34401 /* Pods_CheckersOnlineSwiftV2_1.framework in Frameworks */,
			);
			runOnlyForDeploymentPostprocessing = 0;
		};
/* End PBXFrameworksBuildPhase section */

/* Begin PBXGroup section */
		66A008B14E939786EB61E5D4 /* Frameworks */ = {
			isa = PBXGroup;
			children = (
				396C571AF5944C27CBA6D660 /* Pods_CheckersOnlineSwiftV2_1.framework */,
			);
			name = Frameworks;
			sourceTree = "<group>";
		};
		82EA5AD4108635E37F82545A /* Pods */ = {
			isa = PBXGroup;
			children = (
				766A72A1C35CADEB5D13B6A8 /* Pods-CheckersOnlineSwiftV2.1.debug.xcconfig */,
				10F94FB8AEB00BAFBD35B179 /* Pods-CheckersOnlineSwiftV2.1.release.xcconfig */,
			);
			name = Pods;
			path = Pods;
			sourceTree = "<group>";
		};
		E1884C9B245439C700D08EA6 = {
			isa = PBXGroup;
			children = (
				E1884CA6245439C700D08EA6 /* CheckersOnlineSwiftV2.1 */,
				E1884CA5245439C700D08EA6 /* Products */,
				82EA5AD4108635E37F82545A /* Pods */,
				66A008B14E939786EB61E5D4 /* Frameworks */,
			);
			sourceTree = "<group>";
		};
		E1884CA5245439C700D08EA6 /* Products */ = {
			isa = PBXGroup;
			children = (
				E1884CA4245439C700D08EA6 /* CheckersOnlineSwiftV2.1.app */,
			);
			name = Products;
			sourceTree = "<group>";
		};
		E1884CA6245439C700D08EA6 /* CheckersOnlineSwiftV2.1 */ = {
			isa = PBXGroup;
			children = (
				E1884CA7245439C700D08EA6 /* AppDelegate.swift */,
				E1884CA9245439C700D08EA6 /* SceneDelegate.swift */,
				E1884CC02454DA5B00D08EA6 /* GUISettingsViewController.swift */,
				E1884CC22454DB2400D08EA6 /* GameSettings.swift */,
				E1DC2142245AE4C20099F382 /* BoardSquare.swift */,
				E1884CC42456114600D08EA6 /* Piece.swift */,
				E1884CBE2454C12800D08EA6 /* Cell.swift */,
				E1884CC62456190900D08EA6 /* GameModel.swift */,
				E1884CAB245439C700D08EA6 /* GameViewController.swift */,
				E133BF4B247B0E270048EE61 /* PlayersViewController.swift */,
				E1884CAD245439C700D08EA6 /* Main.storyboard */,
				E1884CB0245439E400D08EA6 /* Assets.xcassets */,
				E1884CB2245439E400D08EA6 /* LaunchScreen.storyboard */,
				E1884CB5245439E400D08EA6 /* Info.plist */,
				E1DC2148245CDA570099F382 /* HeaderView.swift */,
				E1DC2149245CDA570099F382 /* HeaderView.xib */,
				E14F9BFD245DA9D000684F9A /* FooterView.swift */,
				E14F9BFE245DA9D000684F9A /* FooterView.xib */,
			);
			path = CheckersOnlineSwiftV2.1;
			sourceTree = "<group>";
		};
/* End PBXGroup section */

/* Begin PBXNativeTarget section */
		E1884CA3245439C700D08EA6 /* CheckersOnlineSwiftV2.1 */ = {
			isa = PBXNativeTarget;
			buildConfigurationList = E1884CB8245439E400D08EA6 /* Build configuration list for PBXNativeTarget "CheckersOnlineSwiftV2.1" */;
			buildPhases = (
				01F930F83831192BF6D52091 /* [CP] Check Pods Manifest.lock */,
				E1884CA0245439C700D08EA6 /* Sources */,
				E1884CA1245439C700D08EA6 /* Frameworks */,
				E1884CA2245439C700D08EA6 /* Resources */,
				A7D1B1C6837A95CF5EA502A7 /* [CP] Embed Pods Frameworks */,
			);
			buildRules = (
			);
			dependencies = (
			);
			name = CheckersOnlineSwiftV2.1;
			productName = CheckersOnlineSwiftV2.1;
			productReference = E1884CA4245439C700D08EA6 /* CheckersOnlineSwiftV2.1.app */;
			productType = "com.apple.product-type.application";
		};
/* End PBXNativeTarget section */

/* Begin PBXProject section */
		E1884C9C245439C700D08EA6 /* Project object */ = {
			isa = PBXProject;
			attributes = {
				LastSwiftUpdateCheck = 1140;
				LastUpgradeCheck = 1140;
				ORGANIZATIONNAME = hyperActive;
				TargetAttributes = {
					E1884CA3245439C700D08EA6 = {
						CreatedOnToolsVersion = 11.4.1;
					};
				};
			};
			buildConfigurationList = E1884C9F245439C700D08EA6 /* Build configuration list for PBXProject "CheckersOnlineSwiftV2.1" */;
			compatibilityVersion = "Xcode 9.3";
			developmentRegion = en;
			hasScannedForEncodings = 0;
			knownRegions = (
				en,
				Base,
			);
			mainGroup = E1884C9B245439C700D08EA6;
			productRefGroup = E1884CA5245439C700D08EA6 /* Products */;
			projectDirPath = "";
			projectRoot = "";
			targets = (
				E1884CA3245439C700D08EA6 /* CheckersOnlineSwiftV2.1 */,
			);
		};
/* End PBXProject section */

/* Begin PBXResourcesBuildPhase section */
		E1884CA2245439C700D08EA6 /* Resources */ = {
			isa = PBXResourcesBuildPhase;
			buildActionMask = 2147483647;
			files = (
				E1884CB4245439E400D08EA6 /* LaunchScreen.storyboard in Resources */,
				E1884CB1245439E400D08EA6 /* Assets.xcassets in Resources */,
				E1884CAF245439C700D08EA6 /* Main.storyboard in Resources */,
				E14F9C00245DA9D000684F9A /* FooterView.xib in Resources */,
				E1DC214B245CDA570099F382 /* HeaderView.xib in Resources */,
			);
			runOnlyForDeploymentPostprocessing = 0;
		};
/* End PBXResourcesBuildPhase section */

/* Begin PBXShellScriptBuildPhase section */
		01F930F83831192BF6D52091 /* [CP] Check Pods Manifest.lock */ = {
			isa = PBXShellScriptBuildPhase;
			buildActionMask = 2147483647;
			files = (
			);
			inputFileListPaths = (
			);
			inputPaths = (
				"${PODS_PODFILE_DIR_PATH}/Podfile.lock",
				"${PODS_ROOT}/Manifest.lock",
			);
			name = "[CP] Check Pods Manifest.lock";
			outputFileListPaths = (
			);
			outputPaths = (
				"$(DERIVED_FILE_DIR)/Pods-CheckersOnlineSwiftV2.1-checkManifestLockResult.txt",
			);
			runOnlyForDeploymentPostprocessing = 0;
			shellPath = /bin/sh;
			shellScript = "diff \"${PODS_PODFILE_DIR_PATH}/Podfile.lock\" \"${PODS_ROOT}/Manifest.lock\" > /dev/null\nif [ $? != 0 ] ; then\n    # print error to STDERR\n    echo \"error: The sandbox is not in sync with the Podfile.lock. Run 'pod install' or update your CocoaPods installation.\" >&2\n    exit 1\nfi\n# This output is used by Xcode 'outputs' to avoid re-running this script phase.\necho \"SUCCESS\" > \"${SCRIPT_OUTPUT_FILE_0}\"\n";
			showEnvVarsInLog = 0;
		};
		A7D1B1C6837A95CF5EA502A7 /* [CP] Embed Pods Frameworks */ = {
			isa = PBXShellScriptBuildPhase;
			buildActionMask = 2147483647;
			files = (
			);
			inputFileListPaths = (
				"${PODS_ROOT}/Target Support Files/Pods-CheckersOnlineSwiftV2.1/Pods-CheckersOnlineSwiftV2.1-frameworks-${CONFIGURATION}-input-files.xcfilelist",
			);
			name = "[CP] Embed Pods Frameworks";
			outputFileListPaths = (
				"${PODS_ROOT}/Target Support Files/Pods-CheckersOnlineSwiftV2.1/Pods-CheckersOnlineSwiftV2.1-frameworks-${CONFIGURATION}-output-files.xcfilelist",
			);
			runOnlyForDeploymentPostprocessing = 0;
			shellPath = /bin/sh;
			shellScript = "\"${PODS_ROOT}/Target Support Files/Pods-CheckersOnlineSwiftV2.1/Pods-CheckersOnlineSwiftV2.1-frameworks.sh\"\n";
			showEnvVarsInLog = 0;
		};
/* End PBXShellScriptBuildPhase section */

/* Begin PBXSourcesBuildPhase section */
		E1884CA0245439C700D08EA6 /* Sources */ = {
			isa = PBXSourcesBuildPhase;
			buildActionMask = 2147483647;
			files = (
				E1884CBD2454C0B600D08EA6 /* AppDelegate.swift in Sources */,
				E1884CC52456114600D08EA6 /* Piece.swift in Sources */,
				E1884CC12454DA5B00D08EA6 /* GUISettingsViewController.swift in Sources */,
				E1884CC32454DB2400D08EA6 /* GameSettings.swift in Sources */,
				E1884CBF2454C12800D08EA6 /* Cell.swift in Sources */,
				E133BF4C247B0E270048EE61 /* PlayersViewController.swift in Sources */,
				E1884CC72456190900D08EA6 /* GameModel.swift in Sources */,
				E1DC214A245CDA570099F382 /* HeaderView.swift in Sources */,
				E1884CAC245439C700D08EA6 /* GameViewController.swift in Sources */,
				E14F9BFF245DA9D000684F9A /* FooterView.swift in Sources */,
				E1DC2143245AE4C20099F382 /* BoardSquare.swift in Sources */,
				E1884CAA245439C700D08EA6 /* SceneDelegate.swift in Sources */,
			);
			runOnlyForDeploymentPostprocessing = 0;
		};
/* End PBXSourcesBuildPhase section */

/* Begin PBXVariantGroup section */
		E1884CAD245439C700D08EA6 /* Main.storyboard */ = {
			isa = PBXVariantGroup;
			children = (
				E1884CAE245439C700D08EA6 /* Base */,
			);
			name = Main.storyboard;
			sourceTree = "<group>";
		};
		E1884CB2245439E400D08EA6 /* LaunchScreen.storyboard */ = {
			isa = PBXVariantGroup;
			children = (
				E1884CB3245439E400D08EA6 /* Base */,
			);
			name = LaunchScreen.storyboard;
			sourceTree = "<group>";
		};
/* End PBXVariantGroup section */

/* Begin XCBuildConfiguration section */
		E1884CB6245439E400D08EA6 /* Debug */ = {
			isa = XCBuildConfiguration;
			buildSettings = {
				ALWAYS_SEARCH_USER_PATHS = NO;
				CLANG_ANALYZER_NONNULL = YES;
				CLANG_ANALYZER_NUMBER_OBJECT_CONVERSION = YES_AGGRESSIVE;
				CLANG_CXX_LANGUAGE_STANDARD = "gnu++14";
				CLANG_CXX_LIBRARY = "libc++";
				CLANG_ENABLE_MODULES = YES;
				CLANG_ENABLE_OBJC_ARC = YES;
				CLANG_ENABLE_OBJC_WEAK = YES;
				CLANG_WARN_BLOCK_CAPTURE_AUTORELEASING = YES;
				CLANG_WARN_BOOL_CONVERSION = YES;
				CLANG_WARN_COMMA = YES;
				CLANG_WARN_CONSTANT_CONVERSION = YES;
				CLANG_WARN_DEPRECATED_OBJC_IMPLEMENTATIONS = YES;
				CLANG_WARN_DIRECT_OBJC_ISA_USAGE = YES_ERROR;
				CLANG_WARN_DOCUMENTATION_COMMENTS = YES;
				CLANG_WARN_EMPTY_BODY = YES;
				CLANG_WARN_ENUM_CONVERSION = YES;
				CLANG_WARN_INFINITE_RECURSION = YES;
				CLANG_WARN_INT_CONVERSION = YES;
				CLANG_WARN_NON_LITERAL_NULL_CONVERSION = YES;
				CLANG_WARN_OBJC_IMPLICIT_RETAIN_SELF = YES;
				CLANG_WARN_OBJC_LITERAL_CONVERSION = YES;
				CLANG_WARN_OBJC_ROOT_CLASS = YES_ERROR;
				CLANG_WARN_RANGE_LOOP_ANALYSIS = YES;
				CLANG_WARN_STRICT_PROTOTYPES = YES;
				CLANG_WARN_SUSPICIOUS_MOVE = YES;
				CLANG_WARN_UNGUARDED_AVAILABILITY = YES_AGGRESSIVE;
				CLANG_WARN_UNREACHABLE_CODE = YES;
				CLANG_WARN__DUPLICATE_METHOD_MATCH = YES;
				COPY_PHASE_STRIP = NO;
				DEBUG_INFORMATION_FORMAT = dwarf;
				ENABLE_STRICT_OBJC_MSGSEND = YES;
				ENABLE_TESTABILITY = YES;
				GCC_C_LANGUAGE_STANDARD = gnu11;
				GCC_DYNAMIC_NO_PIC = NO;
				GCC_NO_COMMON_BLOCKS = YES;
				GCC_OPTIMIZATION_LEVEL = 0;
				GCC_PREPROCESSOR_DEFINITIONS = (
					"DEBUG=1",
					"$(inherited)",
				);
				GCC_WARN_64_TO_32_BIT_CONVERSION = YES;
				GCC_WARN_ABOUT_RETURN_TYPE = YES_ERROR;
				GCC_WARN_UNDECLARED_SELECTOR = YES;
				GCC_WARN_UNINITIALIZED_AUTOS = YES_AGGRESSIVE;
				GCC_WARN_UNUSED_FUNCTION = YES;
				GCC_WARN_UNUSED_VARIABLE = YES;
				IPHONEOS_DEPLOYMENT_TARGET = 13.4;
				MTL_ENABLE_DEBUG_INFO = INCLUDE_SOURCE;
				MTL_FAST_MATH = YES;
				ONLY_ACTIVE_ARCH = YES;
				SDKROOT = iphoneos;
				SWIFT_ACTIVE_COMPILATION_CONDITIONS = DEBUG;
				SWIFT_OPTIMIZATION_LEVEL = "-Onone";
			};
			name = Debug;
		};
		E1884CB7245439E400D08EA6 /* Release */ = {
			isa = XCBuildConfiguration;
			buildSettings = {
				ALWAYS_SEARCH_USER_PATHS = NO;
				CLANG_ANALYZER_NONNULL = YES;
				CLANG_ANALYZER_NUMBER_OBJECT_CONVERSION = YES_AGGRESSIVE;
				CLANG_CXX_LANGUAGE_STANDARD = "gnu++14";
				CLANG_CXX_LIBRARY = "libc++";
				CLANG_ENABLE_MODULES = YES;
				CLANG_ENABLE_OBJC_ARC = YES;
				CLANG_ENABLE_OBJC_WEAK = YES;
				CLANG_WARN_BLOCK_CAPTURE_AUTORELEASING = YES;
				CLANG_WARN_BOOL_CONVERSION = YES;
				CLANG_WARN_COMMA = YES;
				CLANG_WARN_CONSTANT_CONVERSION = YES;
				CLANG_WARN_DEPRECATED_OBJC_IMPLEMENTATIONS = YES;
				CLANG_WARN_DIRECT_OBJC_ISA_USAGE = YES_ERROR;
				CLANG_WARN_DOCUMENTATION_COMMENTS = YES;
				CLANG_WARN_EMPTY_BODY = YES;
				CLANG_WARN_ENUM_CONVERSION = YES;
				CLANG_WARN_INFINITE_RECURSION = YES;
				CLANG_WARN_INT_CONVERSION = YES;
				CLANG_WARN_NON_LITERAL_NULL_CONVERSION = YES;
				CLANG_WARN_OBJC_IMPLICIT_RETAIN_SELF = YES;
				CLANG_WARN_OBJC_LITERAL_CONVERSION = YES;
				CLANG_WARN_OBJC_ROOT_CLASS = YES_ERROR;
				CLANG_WARN_RANGE_LOOP_ANALYSIS = YES;
				CLANG_WARN_STRICT_PROTOTYPES = YES;
				CLANG_WARN_SUSPICIOUS_MOVE = YES;
				CLANG_WARN_UNGUARDED_AVAILABILITY = YES_AGGRESSIVE;
				CLANG_WARN_UNREACHABLE_CODE = YES;
				CLANG_WARN__DUPLICATE_METHOD_MATCH = YES;
				COPY_PHASE_STRIP = NO;
				DEBUG_INFORMATION_FORMAT = "dwarf-with-dsym";
				ENABLE_NS_ASSERTIONS = NO;
				ENABLE_STRICT_OBJC_MSGSEND = YES;
				GCC_C_LANGUAGE_STANDARD = gnu11;
				GCC_NO_COMMON_BLOCKS = YES;
				GCC_WARN_64_TO_32_BIT_CONVERSION = YES;
				GCC_WARN_ABOUT_RETURN_TYPE = YES_ERROR;
				GCC_WARN_UNDECLARED_SELECTOR = YES;
				GCC_WARN_UNINITIALIZED_AUTOS = YES_AGGRESSIVE;
				GCC_WARN_UNUSED_FUNCTION = YES;
				GCC_WARN_UNUSED_VARIABLE = YES;
				IPHONEOS_DEPLOYMENT_TARGET = 13.4;
				MTL_ENABLE_DEBUG_INFO = NO;
				MTL_FAST_MATH = YES;
				SDKROOT = iphoneos;
				SWIFT_COMPILATION_MODE = wholemodule;
				SWIFT_OPTIMIZATION_LEVEL = "-O";
				VALIDATE_PRODUCT = YES;
			};
			name = Release;
		};
		E1884CB9245439E400D08EA6 /* Debug */ = {
			isa = XCBuildConfiguration;
			baseConfigurationReference = 766A72A1C35CADEB5D13B6A8 /* Pods-CheckersOnlineSwiftV2.1.debug.xcconfig */;
			buildSettings = {
				ASSETCATALOG_COMPILER_APPICON_NAME = AppIcon;
				CODE_SIGN_STYLE = Automatic;
				INFOPLIST_FILE = CheckersOnlineSwiftV2.1/Info.plist;
				LD_RUNPATH_SEARCH_PATHS = (
					"$(inherited)",
					"@executable_path/Frameworks",
				);
				PRODUCT_BUNDLE_IDENTIFIER = "SHF.CheckersOnlineSwiftV2-1";
				PRODUCT_NAME = "$(TARGET_NAME)";
				SWIFT_VERSION = 5.0;
				TARGETED_DEVICE_FAMILY = "1,2";
			};
			name = Debug;
		};
		E1884CBA245439E400D08EA6 /* Release */ = {
			isa = XCBuildConfiguration;
			baseConfigurationReference = 10F94FB8AEB00BAFBD35B179 /* Pods-CheckersOnlineSwiftV2.1.release.xcconfig */;
			buildSettings = {
				ASSETCATALOG_COMPILER_APPICON_NAME = AppIcon;
				CODE_SIGN_STYLE = Automatic;
				INFOPLIST_FILE = CheckersOnlineSwiftV2.1/Info.plist;
				LD_RUNPATH_SEARCH_PATHS = (
					"$(inherited)",
					"@executable_path/Frameworks",
				);
				PRODUCT_BUNDLE_IDENTIFIER = "SHF.CheckersOnlineSwiftV2-1";
				PRODUCT_NAME = "$(TARGET_NAME)";
				SWIFT_VERSION = 5.0;
				TARGETED_DEVICE_FAMILY = "1,2";
			};
			name = Release;
		};
/* End XCBuildConfiguration section */

/* Begin XCConfigurationList section */
		E1884C9F245439C700D08EA6 /* Build configuration list for PBXProject "CheckersOnlineSwiftV2.1" */ = {
			isa = XCConfigurationList;
			buildConfigurations = (
				E1884CB6245439E400D08EA6 /* Debug */,
				E1884CB7245439E400D08EA6 /* Release */,
			);
			defaultConfigurationIsVisible = 0;
			defaultConfigurationName = Release;
		};
		E1884CB8245439E400D08EA6 /* Build configuration list for PBXNativeTarget "CheckersOnlineSwiftV2.1" */ = {
			isa = XCConfigurationList;
			buildConfigurations = (
				E1884CB9245439E400D08EA6 /* Debug */,
				E1884CBA245439E400D08EA6 /* Release */,
			);
			defaultConfigurationIsVisible = 0;
			defaultConfigurationName = Release;
		};
/* End XCConfigurationList section */
	};
	rootObject = E1884C9C245439C700D08EA6 /* Project object */;
}
